
Microsoft Visual Studio Solution File, Format Version 12.00
# Visual Studio 2012
Project("{FAE04EC0-301F-11D3-BF4B-00C04F79EFBC}") = "Aspose.ExchangeSync", "Aspose.ExchangeSync.csproj", "{1E11221D-3ACA-49E7-8EEA-EAF3878199FD}"
EndProject
Global
	GlobalSection(SolutionConfigurationPlatforms) = preSolution
		Debug|Any CPU = Debug|Any CPU
		Release|Any CPU = Release|Any CPU
	EndGlobalSection
	GlobalSection(ProjectConfigurationPlatforms) = postSolution
		{1E11221D-3ACA-49E7-8EEA-EAF3878199FD}.Debug|Any CPU.ActiveCfg = Debug|Any CPU
		{1E11221D-3ACA-49E7-8EEA-EAF3878199FD}.Debug|Any CPU.Build.0 = Debug|Any CPU
		{1E11221D-3ACA-49E7-8EEA-EAF3878199FD}.Release|Any CPU.ActiveCfg = Release|Any CPU
		{1E11221D-3ACA-49E7-8EEA-EAF3878199FD}.Release|Any CPU.Build.0 = Release|Any CPU
	EndGlobalSection
	GlobalSection(SolutionProperties) = preSolution
		HideSolutionNode = FALSE
	EndGlobalSection
EndGlobal
